
Microsoft Visual Studio Solution File, Format Version 12.00
# Visual Studio 2015
Project("{FAE04EC0-301F-11D3-BF4B-00C04F79EFBC}") = "mapbox 1.CSharp", "mapbox 1.CSharp.csproj", "{FF45143E-9757-E1CB-32BE-CFF128B24BED}"
EndProject
Project("{FAE04EC0-301F-11D3-BF4B-00C04F79EFBC}") = "mapbox 1.CSharp.Editor", "mapbox 1.CSharp.Editor.csproj", "{5F48BBEB-77D1-833F-3A8F-ECF44917CECC}"
EndProject
Global
	GlobalSection(SolutionConfigurationPlatforms) = preSolution
		Debug|Any CPU = Debug|Any CPU
		Release|Any CPU = Release|Any CPU
	EndGlobalSection
	GlobalSection(ProjectConfigurationPlatforms) = postSolution
		{FF45143E-9757-E1CB-32BE-CFF128B24BED}.Debug|Any CPU.ActiveCfg = Debug|Any CPU
		{FF45143E-9757-E1CB-32BE-CFF128B24BED}.Debug|Any CPU.Build.0 = Debug|Any CPU
		{FF45143E-9757-E1CB-32BE-CFF128B24BED}.Release|Any CPU.ActiveCfg = Release|Any CPU
		{FF45143E-9757-E1CB-32BE-CFF128B24BED}.Release|Any CPU.Build.0 = Release|Any CPU
		{5F48BBEB-77D1-833F-3A8F-ECF44917CECC}.Debug|Any CPU.ActiveCfg = Debug|Any CPU
		{5F48BBEB-77D1-833F-3A8F-ECF44917CECC}.Debug|Any CPU.Build.0 = Debug|Any CPU
		{5F48BBEB-77D1-833F-3A8F-ECF44917CECC}.Release|Any CPU.ActiveCfg = Release|Any CPU
		{5F48BBEB-77D1-833F-3A8F-ECF44917CECC}.Release|Any CPU.Build.0 = Release|Any CPU
	EndGlobalSection
	GlobalSection(SolutionProperties) = preSolution
		HideSolutionNode = FALSE
	EndGlobalSection
EndGlobal
